<?xml version="1.0" encoding="utf-8"?>
<Project ToolsVersion="4.0" xmlns="http://schemas.microsoft.com/developer/msbuild/2003">
  <ItemGroup>
    <Filter Include="Source Files">
      <UniqueIdentifier>{4FC737F1-C7A5-4376-A066-2A32D752A2FF}</UniqueIdentifier>
      <Extensions>cpp;c;cc;cxx;c++;cppm;ixx;def;odl;idl;hpj;bat;asm;asmx</Extensions>
    </Filter>
    <Filter Include="Header Files">
      <UniqueIdentifier>{93995380-89BD-4b04-88EB-625FBE52EBFB}</UniqueIdentifier>
      <Extensions>h;hh;hpp;hxx;h++;hm;inl;inc;ipp;xsd</Extensions>
    </Filter>
    <Filter Include="Resource Files">
      <UniqueIdentifier>{67DA6AB6-F800-4c08-8B7A-83BB121AAD01}</UniqueIdentifier>
      <Extensions>rc;ico;cur;bmp;dlg;rc2;rct;bin;rgs;gif;jpg;jpeg;jpe;resx;tiff;tif;png;wav;mfcribbon-ms</Extensions>
    </Filter>
    <Filter Include="Levels">
      <UniqueIdentifier>{30189f7d-f9ea-4b17-930b-f3de67645d04}</UniqueIdentifier>
    </Filter>
    <Filter Include="Events">
      <UniqueIdentifier>{49bedea6-9ee2-4ae8-a5af-26708998725a}</UniqueIdentifier>
    </Filter>
  </ItemGroup>
  <ItemGroup>
    <ClCompile Include="core\main.cpp">
      <Filter>Source Files</Filter>
    </ClCompile>
    <ClCompile Include="core\Game.cpp">
      <Filter>Source Files</Filter>
    </ClCompile>
    <ClCompile Include="manager\ResourceManager.cpp">
      <Filter>Source Files</Filter>
    </ClCompile>
    <ClCompile Include="core\glad.c">
      <Filter>Source Files</Filter>
    </ClCompile>
    <ClCompile Include="pch.cpp">
      <Filter>Source Files</Filter>
    </ClCompile>
    <ClCompile Include="renderer\Shader.cpp">
      <Filter>Source Files</Filter>
    </ClCompile>
    <ClCompile Include="renderer\Texture.cpp">
      <Filter>Source Files</Filter>
    </ClCompile>
    <ClCompile Include="renderer\SpriteRenderer.cpp">
      <Filter>Source Files</Filter>
    </ClCompile>
    <ClCompile Include="impl\stb_image_impl.cpp">
      <Filter>Source Files</Filter>
    </ClCompile>
    <ClCompile Include="level\GameLevel.cpp">
      <Filter>Source Files</Filter>
    </ClCompile>
    <ClCompile Include="object\GameObject.cpp">
      <Filter>Source Files</Filter>
    </ClCompile>
    <ClCompile Include="misc\LevelTester.cpp">
      <Filter>Source Files</Filter>
    </ClCompile>
    <ClCompile Include="core\Window.cpp">
      <Filter>Source Files</Filter>
    </ClCompile>
    <ClCompile Include="object\BallObject.cpp">
      <Filter>Source Files</Filter>
    </ClCompile>
    <ClCompile Include="manager\ParticleGenerator.cpp">
      <Filter>Source Files</Filter>
    </ClCompile>
    <ClCompile Include="renderer\PostProcessor.cpp">
      <Filter>Source Files</Filter>
    </ClCompile>
    <ClCompile Include="object\PowerUp.cpp">
      <Filter>Source Files</Filter>
    </ClCompile>
    <ClCompile Include="manager\CollisionManager.cpp">
      <Filter>Source Files</Filter>
    </ClCompile>
  </ItemGroup>
  <ItemGroup>
    <ClInclude Include="core\Game.h">
      <Filter>Header Files</Filter>
    </ClInclude>
    <ClInclude Include="manager\ResourceManager.h">
      <Filter>Header Files</Filter>
    </ClInclude>
    <ClInclude Include="pch.h">
      <Filter>Header Files</Filter>
    </ClInclude>
    <ClInclude Include="renderer\Shader.h">
      <Filter>Header Files</Filter>
    </ClInclude>
    <ClInclude Include="renderer\Texture.h">
      <Filter>Header Files</Filter>
    </ClInclude>
    <ClInclude Include="renderer\SpriteRenderer.h">
      <Filter>Header Files</Filter>
    </ClInclude>
    <ClInclude Include="utils\Random.h">
      <Filter>Header Files</Filter>
    </ClInclude>
    <ClInclude Include="level\GameLevel.h">
      <Filter>Header Files</Filter>
    </ClInclude>
    <ClInclude Include="object\GameObject.h">
      <Filter>Header Files</Filter>
    </ClInclude>
    <ClInclude Include="utils\Utility.h">
      <Filter>Header Files</Filter>
    </ClInclude>
    <ClInclude Include="misc\LevelTester.h">
      <Filter>Header Files</Filter>
    </ClInclude>
    <ClInclude Include="event\Event.h">
      <Filter>Header Files</Filter>
    </ClInclude>
    <ClInclude Include="event\KeyEvent.h">
      <Filter>Events</Filter>
    </ClInclude>
    <ClInclude Include="core\Window.h">
      <Filter>Header Files</Filter>
    </ClInclude>
    <ClInclude Include="object\BallObject.h">
      <Filter>Header Files</Filter>
    </ClInclude>
    <ClInclude Include="event\WindowEvent.h">
      <Filter>Header Files</Filter>
    </ClInclude>
    <ClInclude Include="object\Particle.h">
      <Filter>Header Files</Filter>
    </ClInclude>
    <ClInclude Include="manager\ParticleGenerator.h">
      <Filter>Header Files</Filter>
    </ClInclude>
    <ClInclude Include="renderer\PostProcessor.h">
      <Filter>Header Files</Filter>
    </ClInclude>
    <ClInclude Include="object\PowerUp.h">
      <Filter>Header Files</Filter>
    </ClInclude>
    <ClInclude Include="core\Globals.h">
      <Filter>Header Files</Filter>
    </ClInclude>
    <ClInclude Include="event\MouseEvent.h">
      <Filter>Header Files</Filter>
    </ClInclude>
    <ClInclude Include="manager\CollisionManager.h">
      <Filter>Header Files</Filter>
    </ClInclude>
    <ClInclude Include="renderer\CollisionDebugSpriteRenderer.h">
      <Filter>Header Files</Filter>
    </ClInclude>
  </ItemGroup>
  <ItemGroup>
    <None Include="shaders\3.3.shader.vert" />
    <None Include="shaders\3.3.shader.frag" />
    <None Include="levels\four.lvl">
      <Filter>Levels</Filter>
    </None>
    <None Include="levels\one.lvl">
      <Filter>Levels</Filter>
    </None>
    <None Include="levels\three.lvl">
      <Filter>Levels</Filter>
    </None>
    <None Include="levels\two.lvl">
      <Filter>Levels</Filter>
    </None>
    <None Include="shaders\3.3.particle.frag" />
    <None Include="shaders\3.3.particle.vert" />
    <None Include="shaders\3.3.aa_post.vert" />
    <None Include="shaders\3.3.aa_post.frag" />
    <None Include="shaders\3.3.collision_shader.frag" />
    <None Include="shaders\3.3.collision_shader.vert" />
  </ItemGroup>
  <ItemGroup>
    <Image Include="resources\awesomeface.png">
      <Filter>Resource Files</Filter>
    </Image>
    <Image Include="resources\background.jpg">
      <Filter>Resource Files</Filter>
    </Image>
    <Image Include="resources\block.png">
      <Filter>Resource Files</Filter>
    </Image>
    <Image Include="resources\block_solid.png">
      <Filter>Resource Files</Filter>
    </Image>
    <Image Include="resources\paddle.png">
      <Filter>Resource Files</Filter>
    </Image>
    <Image Include="resources\particle.png">
      <Filter>Resource Files</Filter>
    </Image>
    <Image Include="resources\background1_edit.jpg">
      <Filter>Resource Files</Filter>
    </Image>
    <Image Include="resources\powerup_chaos.png">
      <Filter>Resource Files</Filter>
    </Image>
    <Image Include="resources\powerup_confuse.png">
      <Filter>Resource Files</Filter>
    </Image>
    <Image Include="resources\powerup_decrease.png">
      <Filter>Resource Files</Filter>
    </Image>
    <Image Include="resources\powerup_increase.png">
      <Filter>Resource Files</Filter>
    </Image>
    <Image Include="resources\powerup_life.png">
      <Filter>Resource Files</Filter>
    </Image>
    <Image Include="resources\powerup_passthrough.png">
      <Filter>Resource Files</Filter>
    </Image>
    <Image Include="resources\powerup_slow.png">
      <Filter>Resource Files</Filter>
    </Image>
    <Image Include="resources\powerup_speed.png">
      <Filter>Resource Files</Filter>
    </Image>
    <Image Include="resources\powerup_sticky.png">
      <Filter>Resource Files</Filter>
    </Image>
  </ItemGroup>
</Project>